
Microsoft Visual Studio Solution File, Format Version 12.00
# Visual Studio Version 17
VisualStudioVersion = 17.10.34928.147
MinimumVisualStudioVersion = 10.0.40219.1
Project("{2150E333-8FDC-42A3-9474-1A3956D46DE8}") = "IRI.Apis", "IRI.Apis", "{0BA5BF95-D7B4-4938-B290-FD8DD19C3CD0}"
EndProject
Project("{2150E333-8FDC-42A3-9474-1A3956D46DE8}") = "Elementos de la solución", "Elementos de la solución", "{DF2A04E6-0AE6-4CE7-81BC-FF32E7EAC798}"
EndProject
Project("{E53339B2-1760-4266-BCC7-CA923CBCF16C}") = "docker-compose", "docker-compose.dcproj", "{A11946EE-FEE8-41A4-A826-BB0C295AFF44}"
EndProject
Project("{2150E333-8FDC-42A3-9474-1A3956D46DE8}") = "IRI.Clients", "IRI.Clients", "{EE5286E8-5777-4A35-AE19-3796806CD64B}"
EndProject
Project("{54A90642-561A-4BB1-A94E-469ADEE60C69}") = "IRI.Clients.Web", "IRI.Clients.Web\IRI.Clients.Web.esproj", "{41F3C5BB-A755-4FED-85A4-5F5E4531ACE5}"
EndProject
Project("{2150E333-8FDC-42A3-9474-1A3956D46DE8}") = "Security", "Security", "{83EAF489-A9E0-40D6-93A4-75E4ABAA4EAD}"
EndProject
Project("{2150E333-8FDC-42A3-9474-1A3956D46DE8}") = "Rebels", "Rebels", "{4059E311-644C-4CA0-B378-94D7586B6523}"
EndProject
Project("{9A19103F-16F7-4668-BE54-9A1E7A4F7556}") = "IRI.Apis.Rebels.ApiWeb", "IRI.Apis.Rebels.ApiWeb\IRI.Apis.Rebels.ApiWeb.csproj", "{1A6DB17A-5FBE-4555-BC57-1FEE84E96241}"
EndProject
Project("{9A19103F-16F7-4668-BE54-9A1E7A4F7556}") = "IRI.Apis.Rebels.Application", "IRI.Apis.Rebels.Application\IRI.Apis.Rebels.Application.csproj", "{90937498-7DD9-4CAB-95FF-9E2453081779}"
EndProject
Project("{9A19103F-16F7-4668-BE54-9A1E7A4F7556}") = "IRI.Apis.Rebels.Domain", "IRI.Apis.Rebels.Domain\IRI.Apis.Rebels.Domain.csproj", "{AE6B4D5E-C01D-4D90-8DFF-99D911448D2B}"
EndProject
Project("{9A19103F-16F7-4668-BE54-9A1E7A4F7556}") = "IRI.Apis.Rebels.Infraestructure", "IRI.Apis.Rebels.Infraestructure\IRI.Apis.Rebels.Infraestructure.csproj", "{8A017993-9C23-496E-ADCE-432E89ADE81D}"
EndProject
Project("{9A19103F-16F7-4668-BE54-9A1E7A4F7556}") = "IRI.Apis.Rebels.Tests", "IRI.Apis.Rebels.Tests\IRI.Apis.Rebels.Tests.csproj", "{297B68F2-390A-45B0-97C3-243FD00C337E}"
EndProject
Global
	GlobalSection(SolutionConfigurationPlatforms) = preSolution
		Debug|Any CPU = Debug|Any CPU
		Release|Any CPU = Release|Any CPU
	EndGlobalSection
	GlobalSection(ProjectConfigurationPlatforms) = postSolution
		{A11946EE-FEE8-41A4-A826-BB0C295AFF44}.Debug|Any CPU.ActiveCfg = Debug|Any CPU
		{A11946EE-FEE8-41A4-A826-BB0C295AFF44}.Debug|Any CPU.Build.0 = Debug|Any CPU
		{A11946EE-FEE8-41A4-A826-BB0C295AFF44}.Release|Any CPU.ActiveCfg = Release|Any CPU
		{A11946EE-FEE8-41A4-A826-BB0C295AFF44}.Release|Any CPU.Build.0 = Release|Any CPU
		{41F3C5BB-A755-4FED-85A4-5F5E4531ACE5}.Debug|Any CPU.ActiveCfg = Debug|Any CPU
		{41F3C5BB-A755-4FED-85A4-5F5E4531ACE5}.Debug|Any CPU.Build.0 = Debug|Any CPU
		{41F3C5BB-A755-4FED-85A4-5F5E4531ACE5}.Debug|Any CPU.Deploy.0 = Debug|Any CPU
		{41F3C5BB-A755-4FED-85A4-5F5E4531ACE5}.Release|Any CPU.ActiveCfg = Release|Any CPU
		{41F3C5BB-A755-4FED-85A4-5F5E4531ACE5}.Release|Any CPU.Build.0 = Release|Any CPU
		{41F3C5BB-A755-4FED-85A4-5F5E4531ACE5}.Release|Any CPU.Deploy.0 = Release|Any CPU
		{1A6DB17A-5FBE-4555-BC57-1FEE84E96241}.Debug|Any CPU.ActiveCfg = Debug|Any CPU
		{1A6DB17A-5FBE-4555-BC57-1FEE84E96241}.Debug|Any CPU.Build.0 = Debug|Any CPU
		{1A6DB17A-5FBE-4555-BC57-1FEE84E96241}.Release|Any CPU.ActiveCfg = Release|Any CPU
		{1A6DB17A-5FBE-4555-BC57-1FEE84E96241}.Release|Any CPU.Build.0 = Release|Any CPU
		{90937498-7DD9-4CAB-95FF-9E2453081779}.Debug|Any CPU.ActiveCfg = Debug|Any CPU
		{90937498-7DD9-4CAB-95FF-9E2453081779}.Debug|Any CPU.Build.0 = Debug|Any CPU
		{90937498-7DD9-4CAB-95FF-9E2453081779}.Release|Any CPU.ActiveCfg = Release|Any CPU
		{90937498-7DD9-4CAB-95FF-9E2453081779}.Release|Any CPU.Build.0 = Release|Any CPU
		{AE6B4D5E-C01D-4D90-8DFF-99D911448D2B}.Debug|Any CPU.ActiveCfg = Debug|Any CPU
		{AE6B4D5E-C01D-4D90-8DFF-99D911448D2B}.Debug|Any CPU.Build.0 = Debug|Any CPU
		{AE6B4D5E-C01D-4D90-8DFF-99D911448D2B}.Release|Any CPU.ActiveCfg = Release|Any CPU
		{AE6B4D5E-C01D-4D90-8DFF-99D911448D2B}.Release|Any CPU.Build.0 = Release|Any CPU
		{8A017993-9C23-496E-ADCE-432E89ADE81D}.Debug|Any CPU.ActiveCfg = Debug|Any CPU
		{8A017993-9C23-496E-ADCE-432E89ADE81D}.Debug|Any CPU.Build.0 = Debug|Any CPU
		{8A017993-9C23-496E-ADCE-432E89ADE81D}.Release|Any CPU.ActiveCfg = Release|Any CPU
		{8A017993-9C23-496E-ADCE-432E89ADE81D}.Release|Any CPU.Build.0 = Release|Any CPU
		{297B68F2-390A-45B0-97C3-243FD00C337E}.Debug|Any CPU.ActiveCfg = Debug|Any CPU
		{297B68F2-390A-45B0-97C3-243FD00C337E}.Debug|Any CPU.Build.0 = Debug|Any CPU
		{297B68F2-390A-45B0-97C3-243FD00C337E}.Release|Any CPU.ActiveCfg = Release|Any CPU
		{297B68F2-390A-45B0-97C3-243FD00C337E}.Release|Any CPU.Build.0 = Release|Any CPU
	EndGlobalSection
	GlobalSection(SolutionProperties) = preSolution
		HideSolutionNode = FALSE
	EndGlobalSection
	GlobalSection(NestedProjects) = preSolution
		{41F3C5BB-A755-4FED-85A4-5F5E4531ACE5} = {EE5286E8-5777-4A35-AE19-3796806CD64B}
		{83EAF489-A9E0-40D6-93A4-75E4ABAA4EAD} = {0BA5BF95-D7B4-4938-B290-FD8DD19C3CD0}
		{4059E311-644C-4CA0-B378-94D7586B6523} = {0BA5BF95-D7B4-4938-B290-FD8DD19C3CD0}
		{1A6DB17A-5FBE-4555-BC57-1FEE84E96241} = {4059E311-644C-4CA0-B378-94D7586B6523}
		{90937498-7DD9-4CAB-95FF-9E2453081779} = {4059E311-644C-4CA0-B378-94D7586B6523}
		{AE6B4D5E-C01D-4D90-8DFF-99D911448D2B} = {4059E311-644C-4CA0-B378-94D7586B6523}
		{8A017993-9C23-496E-ADCE-432E89ADE81D} = {4059E311-644C-4CA0-B378-94D7586B6523}
		{297B68F2-390A-45B0-97C3-243FD00C337E} = {4059E311-644C-4CA0-B378-94D7586B6523}
	EndGlobalSection
	GlobalSection(ExtensibilityGlobals) = postSolution
		SolutionGuid = {A04E1A37-9CAB-478D-B2FE-EBD5B474066B}
	EndGlobalSection
EndGlobal
