
Microsoft Visual Studio Solution File, Format Version 12.00
# Visual Studio Version 17
VisualStudioVersion = 17.10.34928.147
MinimumVisualStudioVersion = 10.0.40219.1
Project("{2150E333-8FDC-42A3-9474-1A3956D46DE8}") = "IRI.Apis", "IRI.Apis", "{0BA5BF95-D7B4-4938-B290-FD8DD19C3CD0}"
EndProject
Project("{9A19103F-16F7-4668-BE54-9A1E7A4F7556}") = "IRI.Apis.Principal", "IRI.Apis.Principal\IRI.Apis.Principal.csproj", "{B0E31AA4-C592-4D42-9F6A-3BC2A210009F}"
EndProject
Project("{2150E333-8FDC-42A3-9474-1A3956D46DE8}") = "Elementos de la solución", "Elementos de la solución", "{DF2A04E6-0AE6-4CE7-81BC-FF32E7EAC798}"
EndProject
Project("{E53339B2-1760-4266-BCC7-CA923CBCF16C}") = "docker-compose", "docker-compose.dcproj", "{A11946EE-FEE8-41A4-A826-BB0C295AFF44}"
EndProject
Global
	GlobalSection(SolutionConfigurationPlatforms) = preSolution
		Debug|Any CPU = Debug|Any CPU
		Release|Any CPU = Release|Any CPU
	EndGlobalSection
	GlobalSection(ProjectConfigurationPlatforms) = postSolution
		{B0E31AA4-C592-4D42-9F6A-3BC2A210009F}.Debug|Any CPU.ActiveCfg = Debug|Any CPU
		{B0E31AA4-C592-4D42-9F6A-3BC2A210009F}.Debug|Any CPU.Build.0 = Debug|Any CPU
		{B0E31AA4-C592-4D42-9F6A-3BC2A210009F}.Release|Any CPU.ActiveCfg = Release|Any CPU
		{B0E31AA4-C592-4D42-9F6A-3BC2A210009F}.Release|Any CPU.Build.0 = Release|Any CPU
		{A11946EE-FEE8-41A4-A826-BB0C295AFF44}.Debug|Any CPU.ActiveCfg = Debug|Any CPU
		{A11946EE-FEE8-41A4-A826-BB0C295AFF44}.Debug|Any CPU.Build.0 = Debug|Any CPU
		{A11946EE-FEE8-41A4-A826-BB0C295AFF44}.Release|Any CPU.ActiveCfg = Release|Any CPU
		{A11946EE-FEE8-41A4-A826-BB0C295AFF44}.Release|Any CPU.Build.0 = Release|Any CPU
	EndGlobalSection
	GlobalSection(SolutionProperties) = preSolution
		HideSolutionNode = FALSE
	EndGlobalSection
	GlobalSection(NestedProjects) = preSolution
		{B0E31AA4-C592-4D42-9F6A-3BC2A210009F} = {0BA5BF95-D7B4-4938-B290-FD8DD19C3CD0}
	EndGlobalSection
	GlobalSection(ExtensibilityGlobals) = postSolution
		SolutionGuid = {A04E1A37-9CAB-478D-B2FE-EBD5B474066B}
	EndGlobalSection
EndGlobal
